
Microsoft Visual Studio Solution File, Format Version 12.00
# Visual Studio Version 16
VisualStudioVersion = 16.0.30611.23
MinimumVisualStudioVersion = 10.0.40219.1
Project("{FAE04EC0-301F-11D3-BF4B-00C04F79EFBC}") = "CrtanjePravokutnika", "CrtanjePravokutnika\CrtanjePravokutnika.csproj", "{3BEC05BF-7084-4451-9CBE-280E4679A8F3}"
EndProject
Global
	GlobalSection(SolutionConfigurationPlatforms) = preSolution
		Debug|Any CPU = Debug|Any CPU
		Release|Any CPU = Release|Any CPU
	EndGlobalSection
	GlobalSection(ProjectConfigurationPlatforms) = postSolution
		{3BEC05BF-7084-4451-9CBE-280E4679A8F3}.Debug|Any CPU.ActiveCfg = Debug|Any CPU
		{3BEC05BF-7084-4451-9CBE-280E4679A8F3}.Debug|Any CPU.Build.0 = Debug|Any CPU
		{3BEC05BF-7084-4451-9CBE-280E4679A8F3}.Release|Any CPU.ActiveCfg = Release|Any CPU
		{3BEC05BF-7084-4451-9CBE-280E4679A8F3}.Release|Any CPU.Build.0 = Release|Any CPU
	EndGlobalSection
	GlobalSection(SolutionProperties) = preSolution
		HideSolutionNode = FALSE
	EndGlobalSection
	GlobalSection(ExtensibilityGlobals) = postSolution
		SolutionGuid = {23FFF290-4571-4EEA-B4E2-53BBA8AB0E48}
	EndGlobalSection
EndGlobal
